
Microsoft Visual Studio Solution File, Format Version 12.00
# Visual Studio Version 16
VisualStudioVersion = 16.0.29613.14
MinimumVisualStudioVersion = 10.0.40219.1
Project("{FAE04EC0-301F-11D3-BF4B-00C04F79EFBC}") = "WindowsFormsApp1", "WindowsFormsApp1\WindowsFormsApp1.csproj", "{DCD75308-233F-4E57-9CF0-311FAE6BB3FB}"
EndProject
Global
	GlobalSection(SolutionConfigurationPlatforms) = preSolution
		Debug|Any CPU = Debug|Any CPU
		Release|Any CPU = Release|Any CPU
	EndGlobalSection
	GlobalSection(ProjectConfigurationPlatforms) = postSolution
		{DCD75308-233F-4E57-9CF0-311FAE6BB3FB}.Debug|Any CPU.ActiveCfg = Debug|Any CPU
		{DCD75308-233F-4E57-9CF0-311FAE6BB3FB}.Debug|Any CPU.Build.0 = Debug|Any CPU
		{DCD75308-233F-4E57-9CF0-311FAE6BB3FB}.Release|Any CPU.ActiveCfg = Release|Any CPU
		{DCD75308-233F-4E57-9CF0-311FAE6BB3FB}.Release|Any CPU.Build.0 = Release|Any CPU
	EndGlobalSection
	GlobalSection(SolutionProperties) = preSolution
		HideSolutionNode = FALSE
	EndGlobalSection
	GlobalSection(ExtensibilityGlobals) = postSolution
		SolutionGuid = {50D9F554-0576-4239-97AB-49DC2C917104}
	EndGlobalSection
EndGlobal
